// !$*UTF8*$!
{
	archiveVersion = 1;
	classes = {
	};
	objectVersion = 46;
	objects = {

/* Begin PBXBuildFile section */
		844D7B6B19F7989E000AD7A3 /* Foundation.framework in Frameworks */ = {isa = PBXBuildFile; fileRef = 844D7B6A19F7989E000AD7A3 /* Foundation.framework */; };
		844D7B6D19F7989E000AD7A3 /* CoreGraphics.framework in Frameworks */ = {isa = PBXBuildFile; fileRef = 844D7B6C19F7989E000AD7A3 /* CoreGraphics.framework */; };
		844D7B6F19F7989E000AD7A3 /* UIKit.framework in Frameworks */ = {isa = PBXBuildFile; fileRef = 844D7B6E19F7989E000AD7A3 /* UIKit.framework */; };
		844D7B7519F7989E000AD7A3 /* InfoPlist.strings in Resources */ = {isa = PBXBuildFile; fileRef = 844D7B7319F7989E000AD7A3 /* InfoPlist.strings */; };
		844D7B7719F7989E000AD7A3 /* main.m in Sources */ = {isa = PBXBuildFile; fileRef = 844D7B7619F7989E000AD7A3 /* main.m */; };
		844D7B7E19F7989E000AD7A3 /* Main_iPhone.storyboard in Resources */ = {isa = PBXBuildFile; fileRef = 844D7B7C19F7989E000AD7A3 /* Main_iPhone.storyboard */; };
		844D7B8119F7989E000AD7A3 /* Main_iPad.storyboard in Resources */ = {isa = PBXBuildFile; fileRef = 844D7B7F19F7989E000AD7A3 /* Main_iPad.storyboard */; };
		844D7B8619F7989E000AD7A3 /* Images.xcassets in Resources */ = {isa = PBXBuildFile; fileRef = 844D7B8519F7989E000AD7A3 /* Images.xcassets */; };
		844D7B8D19F7989E000AD7A3 /* XCTest.framework in Frameworks */ = {isa = PBXBuildFile; fileRef = 844D7B8C19F7989E000AD7A3 /* XCTest.framework */; };
		844D7B8E19F7989E000AD7A3 /* Foundation.framework in Frameworks */ = {isa = PBXBuildFile; fileRef = 844D7B6A19F7989E000AD7A3 /* Foundation.framework */; };
		844D7B8F19F7989E000AD7A3 /* UIKit.framework in Frameworks */ = {isa = PBXBuildFile; fileRef = 844D7B6E19F7989E000AD7A3 /* UIKit.framework */; };
		844D7B9719F7989E000AD7A3 /* InfoPlist.strings in Resources */ = {isa = PBXBuildFile; fileRef = 844D7B9519F7989E000AD7A3 /* InfoPlist.strings */; };
		844D7B9919F7989E000AD7A3 /* StoreViewerTests.m in Sources */ = {isa = PBXBuildFile; fileRef = 844D7B9819F7989E000AD7A3 /* StoreViewerTests.m */; };
		EF3C8D9319F7C902003347BC /* Launch Screen.xib in Resources */ = {isa = PBXBuildFile; fileRef = EF3C8D9219F7C902003347BC /* Launch Screen.xib */; };
		EF8B4A2919FA4CCB00943933 /* MapKit.framework in Frameworks */ = {isa = PBXBuildFile; fileRef = EF8B4A2819FA4CCB00943933 /* MapKit.framework */; };
		EF8B4A2E1A00D53400943933 /* StoreViewerModel.xcdatamodeld in Sources */ = {isa = PBXBuildFile; fileRef = EF8B4A2C1A00D53400943933 /* StoreViewerModel.xcdatamodeld */; };
		EF8B4A341A00D99500943933 /* Store+Create.m in Sources */ = {isa = PBXBuildFile; fileRef = EF8B4A331A00D99500943933 /* Store+Create.m */; };
		EF8B4A3A1A00DEB600943933 /* Store.m in Sources */ = {isa = PBXBuildFile; fileRef = EF8B4A391A00DEB600943933 /* Store.m */; };
		EF8B4A401A00E43C00943933 /* CoreDataTableViewController.m in Sources */ = {isa = PBXBuildFile; fileRef = EF8B4A3E1A00E43C00943933 /* CoreDataTableViewController.m */; };
		EF8B4A441A00FFE200943933 /* Notifications.m in Sources */ = {isa = PBXBuildFile; fileRef = EF8B4A431A00FFE200943933 /* Notifications.m */; };
		EF8B4A4B1A02126600943933 /* StoreViewController.m in Sources */ = {isa = PBXBuildFile; fileRef = EF8B4A4A1A02126600943933 /* StoreViewController.m */; };
		EF8B4A4E1A0217E800943933 /* MapViewController.m in Sources */ = {isa = PBXBuildFile; fileRef = EF8B4A4D1A0217E800943933 /* MapViewController.m */; };
		EF8B4A511A021A1200943933 /* Store+Annotation.m in Sources */ = {isa = PBXBuildFile; fileRef = EF8B4A501A021A1200943933 /* Store+Annotation.m */; };
		EF8B4A551A0228AF00943933 /* StoresForIphoneViewController.m in Sources */ = {isa = PBXBuildFile; fileRef = EF8B4A541A0228AF00943933 /* StoresForIphoneViewController.m */; };
		EF8B4A581A02294A00943933 /* StoresForIpadViewController.m in Sources */ = {isa = PBXBuildFile; fileRef = EF8B4A571A02294A00943933 /* StoresForIpadViewController.m */; };
		EF8B4A5D1A023BCD00943933 /* AppDelegate.m in Sources */ = {isa = PBXBuildFile; fileRef = EF8B4A591A023BCD00943933 /* AppDelegate.m */; };
		EF8B4A5E1A023BCD00943933 /* StoresCDTVC.m in Sources */ = {isa = PBXBuildFile; fileRef = EF8B4A5B1A023BCD00943933 /* StoresCDTVC.m */; };
		EF8B4A651A023BEC00943933 /* StoreFetcher.m in Sources */ = {isa = PBXBuildFile; fileRef = EF8B4A5F1A023BEC00943933 /* StoreFetcher.m */; };
		EF8B4A661A023BEC00943933 /* ImageCache.m in Sources */ = {isa = PBXBuildFile; fileRef = EF8B4A601A023BEC00943933 /* ImageCache.m */; };
		EF8B4A6A1A023C0900943933 /* StoreTableViewCell.m in Sources */ = {isa = PBXBuildFile; fileRef = EF8B4A691A023C0900943933 /* StoreTableViewCell.m */; };
/* End PBXBuildFile section */

/* Begin PBXContainerItemProxy section */
		844D7B9019F7989E000AD7A3 /* PBXContainerItemProxy */ = {
			isa = PBXContainerItemProxy;
			containerPortal = 844D7B5F19F7989E000AD7A3 /* Project object */;
			proxyType = 1;
			remoteGlobalIDString = 844D7B6619F7989E000AD7A3;
			remoteInfo = StoreViewer;
		};
/* End PBXContainerItemProxy section */

/* Begin PBXFileReference section */
		844D7B6719F7989E000AD7A3 /* StoreViewer.app */ = {isa = PBXFileReference; explicitFileType = wrapper.application; includeInIndex = 0; path = StoreViewer.app; sourceTree = BUILT_PRODUCTS_DIR; };
		844D7B6A19F7989E000AD7A3 /* Foundation.framework */ = {isa = PBXFileReference; lastKnownFileType = wrapper.framework; name = Foundation.framework; path = System/Library/Frameworks/Foundation.framework; sourceTree = SDKROOT; };
		844D7B6C19F7989E000AD7A3 /* CoreGraphics.framework */ = {isa = PBXFileReference; lastKnownFileType = wrapper.framework; name = CoreGraphics.framework; path = System/Library/Frameworks/CoreGraphics.framework; sourceTree = SDKROOT; };
		844D7B6E19F7989E000AD7A3 /* UIKit.framework */ = {isa = PBXFileReference; lastKnownFileType = wrapper.framework; name = UIKit.framework; path = System/Library/Frameworks/UIKit.framework; sourceTree = SDKROOT; };
		844D7B7219F7989E000AD7A3 /* StoreViewer-Info.plist */ = {isa = PBXFileReference; lastKnownFileType = text.plist.xml; path = "StoreViewer-Info.plist"; sourceTree = "<group>"; };
		844D7B7419F7989E000AD7A3 /* en */ = {isa = PBXFileReference; lastKnownFileType = text.plist.strings; name = en; path = en.lproj/InfoPlist.strings; sourceTree = "<group>"; };
		844D7B7619F7989E000AD7A3 /* main.m */ = {isa = PBXFileReference; lastKnownFileType = sourcecode.c.objc; path = main.m; sourceTree = "<group>"; };
		844D7B7819F7989E000AD7A3 /* StoreViewer-Prefix.pch */ = {isa = PBXFileReference; lastKnownFileType = sourcecode.c.h; path = "StoreViewer-Prefix.pch"; sourceTree = "<group>"; };
		844D7B8519F7989E000AD7A3 /* Images.xcassets */ = {isa = PBXFileReference; lastKnownFileType = folder.assetcatalog; path = Images.xcassets; sourceTree = "<group>"; };
		844D7B8B19F7989E000AD7A3 /* StoreViewerTests.xctest */ = {isa = PBXFileReference; explicitFileType = wrapper.cfbundle; includeInIndex = 0; path = StoreViewerTests.xctest; sourceTree = BUILT_PRODUCTS_DIR; };
		844D7B8C19F7989E000AD7A3 /* XCTest.framework */ = {isa = PBXFileReference; lastKnownFileType = wrapper.framework; name = XCTest.framework; path = Library/Frameworks/XCTest.framework; sourceTree = DEVELOPER_DIR; };
		844D7B9419F7989E000AD7A3 /* StoreViewerTests-Info.plist */ = {isa = PBXFileReference; lastKnownFileType = text.plist.xml; path = "StoreViewerTests-Info.plist"; sourceTree = "<group>"; };
		844D7B9619F7989E000AD7A3 /* en */ = {isa = PBXFileReference; lastKnownFileType = text.plist.strings; name = en; path = en.lproj/InfoPlist.strings; sourceTree = "<group>"; };
		844D7B9819F7989E000AD7A3 /* StoreViewerTests.m */ = {isa = PBXFileReference; lastKnownFileType = sourcecode.c.objc; path = StoreViewerTests.m; sourceTree = "<group>"; };
		844D7BA619F79A39000AD7A3 /* en */ = {isa = PBXFileReference; lastKnownFileType = file.storyboard; name = en; path = en.lproj/Main_iPhone.storyboard; sourceTree = "<group>"; };
		844D7BA819F79A73000AD7A3 /* en */ = {isa = PBXFileReference; lastKnownFileType = file.storyboard; name = en; path = en.lproj/Main_iPad.storyboard; sourceTree = "<group>"; };
		EF3C8D9219F7C902003347BC /* Launch Screen.xib */ = {isa = PBXFileReference; fileEncoding = 4; lastKnownFileType = file.xib; path = "Launch Screen.xib"; sourceTree = "<group>"; };
		EF8B4A2819FA4CCB00943933 /* MapKit.framework */ = {isa = PBXFileReference; lastKnownFileType = wrapper.framework; name = MapKit.framework; path = System/Library/Frameworks/MapKit.framework; sourceTree = SDKROOT; };
		EF8B4A2D1A00D53400943933 /* StoreViewerModel.xcdatamodel */ = {isa = PBXFileReference; lastKnownFileType = wrapper.xcdatamodel; path = StoreViewerModel.xcdatamodel; sourceTree = "<group>"; };
		EF8B4A321A00D99500943933 /* Store+Create.h */ = {isa = PBXFileReference; fileEncoding = 4; lastKnownFileType = sourcecode.c.h; name = "Store+Create.h"; path = "Model/Store+Create.h"; sourceTree = "<group>"; };
		EF8B4A331A00D99500943933 /* Store+Create.m */ = {isa = PBXFileReference; fileEncoding = 4; lastKnownFileType = sourcecode.c.objc; name = "Store+Create.m"; path = "Model/Store+Create.m"; sourceTree = "<group>"; };
		EF8B4A381A00DEB600943933 /* Store.h */ = {isa = PBXFileReference; fileEncoding = 4; lastKnownFileType = sourcecode.c.h; name = Store.h; path = Model/Store.h; sourceTree = "<group>"; };
		EF8B4A391A00DEB600943933 /* Store.m */ = {isa = PBXFileReference; fileEncoding = 4; lastKnownFileType = sourcecode.c.objc; name = Store.m; path = Model/Store.m; sourceTree = "<group>"; };
		EF8B4A3E1A00E43C00943933 /* CoreDataTableViewController.m */ = {isa = PBXFileReference; fileEncoding = 4; lastKnownFileType = sourcecode.c.objc; name = CoreDataTableViewController.m; path = Contoller/CoreDataTableViewController.m; sourceTree = "<group>"; };
		EF8B4A3F1A00E43C00943933 /* CoreDataTableViewController.h */ = {isa = PBXFileReference; fileEncoding = 4; lastKnownFileType = sourcecode.c.h; name = CoreDataTableViewController.h; path = Contoller/CoreDataTableViewController.h; sourceTree = "<group>"; };
		EF8B4A431A00FFE200943933 /* Notifications.m */ = {isa = PBXFileReference; fileEncoding = 4; lastKnownFileType = sourcecode.c.objc; name = Notifications.m; path = Model/Notifications.m; sourceTree = "<group>"; };
		EF8B4A451A01000F00943933 /* Notifications.h */ = {isa = PBXFileReference; fileEncoding = 4; lastKnownFileType = sourcecode.c.h; name = Notifications.h; path = Model/Notifications.h; sourceTree = "<group>"; };
		EF8B4A491A02126600943933 /* StoreViewController.h */ = {isa = PBXFileReference; fileEncoding = 4; lastKnownFileType = sourcecode.c.h; name = StoreViewController.h; path = Contoller/StoreViewController.h; sourceTree = "<group>"; };
		EF8B4A4A1A02126600943933 /* StoreViewController.m */ = {isa = PBXFileReference; fileEncoding = 4; lastKnownFileType = sourcecode.c.objc; name = StoreViewController.m; path = Contoller/StoreViewController.m; sourceTree = "<group>"; };
		EF8B4A4C1A0217E800943933 /* MapViewController.h */ = {isa = PBXFileReference; fileEncoding = 4; lastKnownFileType = sourcecode.c.h; name = MapViewController.h; path = Contoller/MapViewController.h; sourceTree = "<group>"; };
		EF8B4A4D1A0217E800943933 /* MapViewController.m */ = {isa = PBXFileReference; fileEncoding = 4; lastKnownFileType = sourcecode.c.objc; name = MapViewController.m; path = Contoller/MapViewController.m; sourceTree = "<group>"; };
		EF8B4A4F1A021A1200943933 /* Store+Annotation.h */ = {isa = PBXFileReference; fileEncoding = 4; lastKnownFileType = sourcecode.c.h; name = "Store+Annotation.h"; path = "Model/Store+Annotation.h"; sourceTree = "<group>"; };
		EF8B4A501A021A1200943933 /* Store+Annotation.m */ = {isa = PBXFileReference; fileEncoding = 4; lastKnownFileType = sourcecode.c.objc; name = "Store+Annotation.m"; path = "Model/Store+Annotation.m"; sourceTree = "<group>"; };
		EF8B4A531A0228AF00943933 /* StoresForIphoneViewController.h */ = {isa = PBXFileReference; fileEncoding = 4; lastKnownFileType = sourcecode.c.h; name = StoresForIphoneViewController.h; path = Contoller/StoresForIphoneViewController.h; sourceTree = "<group>"; };
		EF8B4A541A0228AF00943933 /* StoresForIphoneViewController.m */ = {isa = PBXFileReference; fileEncoding = 4; lastKnownFileType = sourcecode.c.objc; name = StoresForIphoneViewController.m; path = Contoller/StoresForIphoneViewController.m; sourceTree = "<group>"; };
		EF8B4A561A02294A00943933 /* StoresForIpadViewController.h */ = {isa = PBXFileReference; fileEncoding = 4; lastKnownFileType = sourcecode.c.h; name = StoresForIpadViewController.h; path = Contoller/StoresForIpadViewController.h; sourceTree = "<group>"; };
		EF8B4A571A02294A00943933 /* StoresForIpadViewController.m */ = {isa = PBXFileReference; fileEncoding = 4; lastKnownFileType = sourcecode.c.objc; name = StoresForIpadViewController.m; path = Contoller/StoresForIpadViewController.m; sourceTree = "<group>"; };
		EF8B4A591A023BCD00943933 /* AppDelegate.m */ = {isa = PBXFileReference; fileEncoding = 4; lastKnownFileType = sourcecode.c.objc; name = AppDelegate.m; path = Contoller/AppDelegate.m; sourceTree = "<group>"; };
		EF8B4A5A1A023BCD00943933 /* AppDelegate.h */ = {isa = PBXFileReference; fileEncoding = 4; lastKnownFileType = sourcecode.c.h; name = AppDelegate.h; path = Contoller/AppDelegate.h; sourceTree = "<group>"; };
		EF8B4A5B1A023BCD00943933 /* StoresCDTVC.m */ = {isa = PBXFileReference; fileEncoding = 4; lastKnownFileType = sourcecode.c.objc; name = StoresCDTVC.m; path = Contoller/StoresCDTVC.m; sourceTree = "<group>"; };
		EF8B4A5C1A023BCD00943933 /* StoresCDTVC.h */ = {isa = PBXFileReference; fileEncoding = 4; lastKnownFileType = sourcecode.c.h; name = StoresCDTVC.h; path = Contoller/StoresCDTVC.h; sourceTree = "<group>"; };
		EF8B4A5F1A023BEC00943933 /* StoreFetcher.m */ = {isa = PBXFileReference; fileEncoding = 4; lastKnownFileType = sourcecode.c.objc; name = StoreFetcher.m; path = Model/StoreFetcher.m; sourceTree = "<group>"; };
		EF8B4A601A023BEC00943933 /* ImageCache.m */ = {isa = PBXFileReference; fileEncoding = 4; lastKnownFileType = sourcecode.c.objc; name = ImageCache.m; path = Model/ImageCache.m; sourceTree = "<group>"; };
		EF8B4A611A023BEC00943933 /* ImageCache.h */ = {isa = PBXFileReference; fileEncoding = 4; lastKnownFileType = sourcecode.c.h; name = ImageCache.h; path = Model/ImageCache.h; sourceTree = "<group>"; };
		EF8B4A621A023BEC00943933 /* StoreFetcher.h */ = {isa = PBXFileReference; fileEncoding = 4; lastKnownFileType = sourcecode.c.h; name = StoreFetcher.h; path = Model/StoreFetcher.h; sourceTree = "<group>"; };
		EF8B4A681A023C0900943933 /* StoreTableViewCell.h */ = {isa = PBXFileReference; fileEncoding = 4; lastKnownFileType = sourcecode.c.h; name = StoreTableViewCell.h; path = View/StoreTableViewCell.h; sourceTree = "<group>"; };
		EF8B4A691A023C0900943933 /* StoreTableViewCell.m */ = {isa = PBXFileReference; fileEncoding = 4; lastKnownFileType = sourcecode.c.objc; name = StoreTableViewCell.m; path = View/StoreTableViewCell.m; sourceTree = "<group>"; };
/* End PBXFileReference section */

/* Begin PBXFrameworksBuildPhase section */
		844D7B6419F7989E000AD7A3 /* Frameworks */ = {
			isa = PBXFrameworksBuildPhase;
			buildActionMask = 2147483647;
			files = (
				EF8B4A2919FA4CCB00943933 /* MapKit.framework in Frameworks */,
				844D7B6D19F7989E000AD7A3 /* CoreGraphics.framework in Frameworks */,
				844D7B6F19F7989E000AD7A3 /* UIKit.framework in Frameworks */,
				844D7B6B19F7989E000AD7A3 /* Foundation.framework in Frameworks */,
			);
			runOnlyForDeploymentPostprocessing = 0;
		};
		844D7B8819F7989E000AD7A3 /* Frameworks */ = {
			isa = PBXFrameworksBuildPhase;
			buildActionMask = 2147483647;
			files = (
				844D7B8D19F7989E000AD7A3 /* XCTest.framework in Frameworks */,
				844D7B8F19F7989E000AD7A3 /* UIKit.framework in Frameworks */,
				844D7B8E19F7989E000AD7A3 /* Foundation.framework in Frameworks */,
			);
			runOnlyForDeploymentPostprocessing = 0;
		};
/* End PBXFrameworksBuildPhase section */

/* Begin PBXGroup section */
		844D7B5E19F7989E000AD7A3 = {
			isa = PBXGroup;
			children = (
				844D7B7019F7989E000AD7A3 /* StoreViewer */,
				844D7B9219F7989E000AD7A3 /* StoreViewerTests */,
				844D7B6919F7989E000AD7A3 /* Frameworks */,
				844D7B6819F7989E000AD7A3 /* Products */,
			);
			sourceTree = "<group>";
		};
		844D7B6819F7989E000AD7A3 /* Products */ = {
			isa = PBXGroup;
			children = (
				844D7B6719F7989E000AD7A3 /* StoreViewer.app */,
				844D7B8B19F7989E000AD7A3 /* StoreViewerTests.xctest */,
			);
			name = Products;
			sourceTree = "<group>";
		};
		844D7B6919F7989E000AD7A3 /* Frameworks */ = {
			isa = PBXGroup;
			children = (
				EF8B4A2819FA4CCB00943933 /* MapKit.framework */,
				844D7B6A19F7989E000AD7A3 /* Foundation.framework */,
				844D7B6C19F7989E000AD7A3 /* CoreGraphics.framework */,
				844D7B6E19F7989E000AD7A3 /* UIKit.framework */,
				844D7B8C19F7989E000AD7A3 /* XCTest.framework */,
			);
			name = Frameworks;
			sourceTree = "<group>";
		};
		844D7B7019F7989E000AD7A3 /* StoreViewer */ = {
			isa = PBXGroup;
			children = (
				844D7B8519F7989E000AD7A3 /* Images.xcassets */,
				EF8B4A2B1A00D4FF00943933 /* Model */,
				EF8B4A521A02275F00943933 /* View */,
				EF8B4A411A00EAD200943933 /* Controller */,
				EF8B4A2A1A00D4D500943933 /* Resourses */,
				844D7B7119F7989E000AD7A3 /* Supporting Files */,
			);
			path = StoreViewer;
			sourceTree = "<group>";
		};
		844D7B7119F7989E000AD7A3 /* Supporting Files */ = {
			isa = PBXGroup;
			children = (
				844D7B7219F7989E000AD7A3 /* StoreViewer-Info.plist */,
				844D7B7319F7989E000AD7A3 /* InfoPlist.strings */,
				844D7B7619F7989E000AD7A3 /* main.m */,
				844D7B7819F7989E000AD7A3 /* StoreViewer-Prefix.pch */,
			);
			name = "Supporting Files";
			sourceTree = "<group>";
		};
		844D7B9219F7989E000AD7A3 /* StoreViewerTests */ = {
			isa = PBXGroup;
			children = (
				844D7B9819F7989E000AD7A3 /* StoreViewerTests.m */,
				844D7B9319F7989E000AD7A3 /* Supporting Files */,
			);
			path = StoreViewerTests;
			sourceTree = "<group>";
		};
		844D7B9319F7989E000AD7A3 /* Supporting Files */ = {
			isa = PBXGroup;
			children = (
				844D7B9419F7989E000AD7A3 /* StoreViewerTests-Info.plist */,
				844D7B9519F7989E000AD7A3 /* InfoPlist.strings */,
			);
			name = "Supporting Files";
			sourceTree = "<group>";
		};
		EF8B4A2A1A00D4D500943933 /* Resourses */ = {
			isa = PBXGroup;
			children = (
				844D7B7C19F7989E000AD7A3 /* Main_iPhone.storyboard */,
				844D7B7F19F7989E000AD7A3 /* Main_iPad.storyboard */,
				EF3C8D9219F7C902003347BC /* Launch Screen.xib */,
			);
			name = Resourses;
			sourceTree = "<group>";
		};
		EF8B4A2B1A00D4FF00943933 /* Model */ = {
			isa = PBXGroup;
			children = (
				EF8B4A2C1A00D53400943933 /* StoreViewerModel.xcdatamodeld */,
				EF8B4A381A00DEB600943933 /* Store.h */,
				EF8B4A391A00DEB600943933 /* Store.m */,
				EF8B4A4F1A021A1200943933 /* Store+Annotation.h */,
				EF8B4A501A021A1200943933 /* Store+Annotation.m */,
				EF8B4A321A00D99500943933 /* Store+Create.h */,
				EF8B4A331A00D99500943933 /* Store+Create.m */,
				EF8B4A431A00FFE200943933 /* Notifications.m */,
				EF8B4A451A01000F00943933 /* Notifications.h */,
				EF8B4A5F1A023BEC00943933 /* StoreFetcher.m */,
				EF8B4A601A023BEC00943933 /* ImageCache.m */,
				EF8B4A611A023BEC00943933 /* ImageCache.h */,
				EF8B4A621A023BEC00943933 /* StoreFetcher.h */,
			);
			name = Model;
			sourceTree = "<group>";
		};
		EF8B4A411A00EAD200943933 /* Controller */ = {
			isa = PBXGroup;
			children = (
				EF8B4A3E1A00E43C00943933 /* CoreDataTableViewController.m */,
				EF8B4A3F1A00E43C00943933 /* CoreDataTableViewController.h */,
				EF8B4A591A023BCD00943933 /* AppDelegate.m */,
				EF8B4A5A1A023BCD00943933 /* AppDelegate.h */,
				EF8B4A5B1A023BCD00943933 /* StoresCDTVC.m */,
				EF8B4A5C1A023BCD00943933 /* StoresCDTVC.h */,
				EF8B4A531A0228AF00943933 /* StoresForIphoneViewController.h */,
				EF8B4A541A0228AF00943933 /* StoresForIphoneViewController.m */,
				EF8B4A561A02294A00943933 /* StoresForIpadViewController.h */,
				EF8B4A571A02294A00943933 /* StoresForIpadViewController.m */,
				EF8B4A491A02126600943933 /* StoreViewController.h */,
				EF8B4A4A1A02126600943933 /* StoreViewController.m */,
				EF8B4A4C1A0217E800943933 /* MapViewController.h */,
				EF8B4A4D1A0217E800943933 /* MapViewController.m */,
			);
			name = Controller;
			sourceTree = "<group>";
		};
		EF8B4A521A02275F00943933 /* View */ = {
			isa = PBXGroup;
			children = (
				EF8B4A681A023C0900943933 /* StoreTableViewCell.h */,
				EF8B4A691A023C0900943933 /* StoreTableViewCell.m */,
			);
			name = View;
			sourceTree = "<group>";
		};
/* End PBXGroup section */

/* Begin PBXNativeTarget section */
		844D7B6619F7989E000AD7A3 /* StoreViewer */ = {
			isa = PBXNativeTarget;
			buildConfigurationList = 844D7B9C19F7989E000AD7A3 /* Build configuration list for PBXNativeTarget "StoreViewer" */;
			buildPhases = (
				844D7B6319F7989E000AD7A3 /* Sources */,
				844D7B6419F7989E000AD7A3 /* Frameworks */,
				844D7B6519F7989E000AD7A3 /* Resources */,
			);
			buildRules = (
			);
			dependencies = (
			);
			name = StoreViewer;
			productName = StoreViewer;
			productReference = 844D7B6719F7989E000AD7A3 /* StoreViewer.app */;
			productType = "com.apple.product-type.application";
		};
		844D7B8A19F7989E000AD7A3 /* StoreViewerTests */ = {
			isa = PBXNativeTarget;
			buildConfigurationList = 844D7B9F19F7989E000AD7A3 /* Build configuration list for PBXNativeTarget "StoreViewerTests" */;
			buildPhases = (
				844D7B8719F7989E000AD7A3 /* Sources */,
				844D7B8819F7989E000AD7A3 /* Frameworks */,
				844D7B8919F7989E000AD7A3 /* Resources */,
			);
			buildRules = (
			);
			dependencies = (
				844D7B9119F7989E000AD7A3 /* PBXTargetDependency */,
			);
			name = StoreViewerTests;
			productName = StoreViewerTests;
			productReference = 844D7B8B19F7989E000AD7A3 /* StoreViewerTests.xctest */;
			productType = "com.apple.product-type.bundle.unit-test";
		};
/* End PBXNativeTarget section */

/* Begin PBXProject section */
		844D7B5F19F7989E000AD7A3 /* Project object */ = {
			isa = PBXProject;
			attributes = {
				LastUpgradeCheck = 0510;
				ORGANIZATIONNAME = Mera;
				TargetAttributes = {
					844D7B8A19F7989E000AD7A3 = {
						TestTargetID = 844D7B6619F7989E000AD7A3;
					};
				};
			};
			buildConfigurationList = 844D7B6219F7989E000AD7A3 /* Build configuration list for PBXProject "StoreViewer" */;
			compatibilityVersion = "Xcode 3.2";
			developmentRegion = English;
			hasScannedForEncodings = 0;
			knownRegions = (
				en,
				Base,
			);
			mainGroup = 844D7B5E19F7989E000AD7A3;
			productRefGroup = 844D7B6819F7989E000AD7A3 /* Products */;
			projectDirPath = "";
			projectRoot = "";
			targets = (
				844D7B6619F7989E000AD7A3 /* StoreViewer */,
				844D7B8A19F7989E000AD7A3 /* StoreViewerTests */,
			);
		};
/* End PBXProject section */

/* Begin PBXResourcesBuildPhase section */
		844D7B6519F7989E000AD7A3 /* Resources */ = {
			isa = PBXResourcesBuildPhase;
			buildActionMask = 2147483647;
			files = (
				844D7B8119F7989E000AD7A3 /* Main_iPad.storyboard in Resources */,
				844D7B8619F7989E000AD7A3 /* Images.xcassets in Resources */,
				844D7B7E19F7989E000AD7A3 /* Main_iPhone.storyboard in Resources */,
				844D7B7519F7989E000AD7A3 /* InfoPlist.strings in Resources */,
				EF3C8D9319F7C902003347BC /* Launch Screen.xib in Resources */,
			);
			runOnlyForDeploymentPostprocessing = 0;
		};
		844D7B8919F7989E000AD7A3 /* Resources */ = {
			isa = PBXResourcesBuildPhase;
			buildActionMask = 2147483647;
			files = (
				844D7B9719F7989E000AD7A3 /* InfoPlist.strings in Resources */,
			);
			runOnlyForDeploymentPostprocessing = 0;
		};
/* End PBXResourcesBuildPhase section */

/* Begin PBXSourcesBuildPhase section */
		844D7B6319F7989E000AD7A3 /* Sources */ = {
			isa = PBXSourcesBuildPhase;
			buildActionMask = 2147483647;
			files = (
				EF8B4A2E1A00D53400943933 /* StoreViewerModel.xcdatamodeld in Sources */,
				EF8B4A6A1A023C0900943933 /* StoreTableViewCell.m in Sources */,
				EF8B4A651A023BEC00943933 /* StoreFetcher.m in Sources */,
				EF8B4A5D1A023BCD00943933 /* AppDelegate.m in Sources */,
				EF8B4A581A02294A00943933 /* StoresForIpadViewController.m in Sources */,
				EF8B4A5E1A023BCD00943933 /* StoresCDTVC.m in Sources */,
				844D7B7719F7989E000AD7A3 /* main.m in Sources */,
				EF8B4A441A00FFE200943933 /* Notifications.m in Sources */,
				EF8B4A401A00E43C00943933 /* CoreDataTableViewController.m in Sources */,
				EF8B4A551A0228AF00943933 /* StoresForIphoneViewController.m in Sources */,
				EF8B4A4B1A02126600943933 /* StoreViewController.m in Sources */,
				EF8B4A3A1A00DEB600943933 /* Store.m in Sources */,
				EF8B4A341A00D99500943933 /* Store+Create.m in Sources */,
				EF8B4A4E1A0217E800943933 /* MapViewController.m in Sources */,
				EF8B4A661A023BEC00943933 /* ImageCache.m in Sources */,
				EF8B4A511A021A1200943933 /* Store+Annotation.m in Sources */,
			);
			runOnlyForDeploymentPostprocessing = 0;
		};
		844D7B8719F7989E000AD7A3 /* Sources */ = {
			isa = PBXSourcesBuildPhase;
			buildActionMask = 2147483647;
			files = (
				844D7B9919F7989E000AD7A3 /* StoreViewerTests.m in Sources */,
			);
			runOnlyForDeploymentPostprocessing = 0;
		};
/* End PBXSourcesBuildPhase section */

/* Begin PBXTargetDependency section */
		844D7B9119F7989E000AD7A3 /* PBXTargetDependency */ = {
			isa = PBXTargetDependency;
			target = 844D7B6619F7989E000AD7A3 /* StoreViewer */;
			targetProxy = 844D7B9019F7989E000AD7A3 /* PBXContainerItemProxy */;
		};
/* End PBXTargetDependency section */

/* Begin PBXVariantGroup section */
		844D7B7319F7989E000AD7A3 /* InfoPlist.strings */ = {
			isa = PBXVariantGroup;
			children = (
				844D7B7419F7989E000AD7A3 /* en */,
			);
			name = InfoPlist.strings;
			sourceTree = "<group>";
		};
		844D7B7C19F7989E000AD7A3 /* Main_iPhone.storyboard */ = {
			isa = PBXVariantGroup;
			children = (
				844D7BA619F79A39000AD7A3 /* en */,
			);
			name = Main_iPhone.storyboard;
			sourceTree = "<group>";
		};
		844D7B7F19F7989E000AD7A3 /* Main_iPad.storyboard */ = {
			isa = PBXVariantGroup;
			children = (
				844D7BA819F79A73000AD7A3 /* en */,
			);
			name = Main_iPad.storyboard;
			sourceTree = "<group>";
		};
		844D7B9519F7989E000AD7A3 /* InfoPlist.strings */ = {
			isa = PBXVariantGroup;
			children = (
				844D7B9619F7989E000AD7A3 /* en */,
			);
			name = InfoPlist.strings;
			sourceTree = "<group>";
		};
/* End PBXVariantGroup section */

/* Begin XCBuildConfiguration section */
		844D7B9A19F7989E000AD7A3 /* Debug */ = {
			isa = XCBuildConfiguration;
			buildSettings = {
				ALWAYS_SEARCH_USER_PATHS = NO;
				CLANG_CXX_LANGUAGE_STANDARD = "gnu++0x";
				CLANG_CXX_LIBRARY = "libc++";
				CLANG_ENABLE_MODULES = YES;
				CLANG_ENABLE_OBJC_ARC = YES;
				CLANG_WARN_BOOL_CONVERSION = YES;
				CLANG_WARN_CONSTANT_CONVERSION = YES;
				CLANG_WARN_DIRECT_OBJC_ISA_USAGE = YES_ERROR;
				CLANG_WARN_EMPTY_BODY = YES;
				CLANG_WARN_ENUM_CONVERSION = YES;
				CLANG_WARN_INT_CONVERSION = YES;
				CLANG_WARN_OBJC_ROOT_CLASS = YES_ERROR;
				CLANG_WARN__DUPLICATE_METHOD_MATCH = YES;
				"CODE_SIGN_IDENTITY[sdk=iphoneos*]" = "iPhone Developer";
				COPY_PHASE_STRIP = NO;
				GCC_C_LANGUAGE_STANDARD = gnu99;
				GCC_DYNAMIC_NO_PIC = NO;
				GCC_OPTIMIZATION_LEVEL = 0;
				GCC_PREPROCESSOR_DEFINITIONS = (
					"DEBUG=1",
					"$(inherited)",
				);
				GCC_SYMBOLS_PRIVATE_EXTERN = NO;
				GCC_WARN_64_TO_32_BIT_CONVERSION = YES;
				GCC_WARN_ABOUT_RETURN_TYPE = YES_ERROR;
				GCC_WARN_UNDECLARED_SELECTOR = YES;
				GCC_WARN_UNINITIALIZED_AUTOS = YES_AGGRESSIVE;
				GCC_WARN_UNUSED_FUNCTION = YES;
				GCC_WARN_UNUSED_VARIABLE = YES;
				IPHONEOS_DEPLOYMENT_TARGET = 7.1;
				ONLY_ACTIVE_ARCH = YES;
				SDKROOT = iphoneos;
				TARGETED_DEVICE_FAMILY = "1,2";
			};
			name = Debug;
		};
		844D7B9B19F7989E000AD7A3 /* Release */ = {
			isa = XCBuildConfiguration;
			buildSettings = {
				ALWAYS_SEARCH_USER_PATHS = NO;
				CLANG_CXX_LANGUAGE_STANDARD = "gnu++0x";
				CLANG_CXX_LIBRARY = "libc++";
				CLANG_ENABLE_MODULES = YES;
				CLANG_ENABLE_OBJC_ARC = YES;
				CLANG_WARN_BOOL_CONVERSION = YES;
				CLANG_WARN_CONSTANT_CONVERSION = YES;
				CLANG_WARN_DIRECT_OBJC_ISA_USAGE = YES_ERROR;
				CLANG_WARN_EMPTY_BODY = YES;
				CLANG_WARN_ENUM_CONVERSION = YES;
				CLANG_WARN_INT_CONVERSION = YES;
				CLANG_WARN_OBJC_ROOT_CLASS = YES_ERROR;
				CLANG_WARN__DUPLICATE_METHOD_MATCH = YES;
				"CODE_SIGN_IDENTITY[sdk=iphoneos*]" = "iPhone Developer";
				COPY_PHASE_STRIP = YES;
				ENABLE_NS_ASSERTIONS = NO;
				GCC_C_LANGUAGE_STANDARD = gnu99;
				GCC_WARN_64_TO_32_BIT_CONVERSION = YES;
				GCC_WARN_ABOUT_RETURN_TYPE = YES_ERROR;
				GCC_WARN_UNDECLARED_SELECTOR = YES;
				GCC_WARN_UNINITIALIZED_AUTOS = YES_AGGRESSIVE;
				GCC_WARN_UNUSED_FUNCTION = YES;
				GCC_WARN_UNUSED_VARIABLE = YES;
				IPHONEOS_DEPLOYMENT_TARGET = 7.1;
				SDKROOT = iphoneos;
				TARGETED_DEVICE_FAMILY = "1,2";
				VALIDATE_PRODUCT = YES;
			};
			name = Release;
		};
		844D7B9D19F7989E000AD7A3 /* Debug */ = {
			isa = XCBuildConfiguration;
			buildSettings = {
				ASSETCATALOG_COMPILER_APPICON_NAME = AppIcon;
				ASSETCATALOG_COMPILER_LAUNCHIMAGE_NAME = LaunchImage;
				GCC_PRECOMPILE_PREFIX_HEADER = YES;
				GCC_PREFIX_HEADER = "StoreViewer/StoreViewer-Prefix.pch";
				INFOPLIST_FILE = "StoreViewer/StoreViewer-Info.plist";
				PRODUCT_NAME = "$(TARGET_NAME)";
				WRAPPER_EXTENSION = app;
			};
			name = Debug;
		};
		844D7B9E19F7989E000AD7A3 /* Release */ = {
			isa = XCBuildConfiguration;
			buildSettings = {
				ASSETCATALOG_COMPILER_APPICON_NAME = AppIcon;
				ASSETCATALOG_COMPILER_LAUNCHIMAGE_NAME = LaunchImage;
				GCC_PRECOMPILE_PREFIX_HEADER = YES;
				GCC_PREFIX_HEADER = "StoreViewer/StoreViewer-Prefix.pch";
				INFOPLIST_FILE = "StoreViewer/StoreViewer-Info.plist";
				PRODUCT_NAME = "$(TARGET_NAME)";
				WRAPPER_EXTENSION = app;
			};
			name = Release;
		};
		844D7BA019F7989E000AD7A3 /* Debug */ = {
			isa = XCBuildConfiguration;
			buildSettings = {
				BUNDLE_LOADER = "$(BUILT_PRODUCTS_DIR)/StoreViewer.app/StoreViewer";
				FRAMEWORK_SEARCH_PATHS = (
					"$(SDKROOT)/Developer/Library/Frameworks",
					"$(inherited)",
					"$(DEVELOPER_FRAMEWORKS_DIR)",
				);
				GCC_PRECOMPILE_PREFIX_HEADER = YES;
				GCC_PREFIX_HEADER = "StoreViewer/StoreViewer-Prefix.pch";
				GCC_PREPROCESSOR_DEFINITIONS = (
					"DEBUG=1",
					"$(inherited)",
				);
				INFOPLIST_FILE = "StoreViewerTests/StoreViewerTests-Info.plist";
				PRODUCT_NAME = "$(TARGET_NAME)";
				TEST_HOST = "$(BUNDLE_LOADER)";
				WRAPPER_EXTENSION = xctest;
			};
			name = Debug;
		};
		844D7BA119F7989E000AD7A3 /* Release */ = {
			isa = XCBuildConfiguration;
			buildSettings = {
				BUNDLE_LOADER = "$(BUILT_PRODUCTS_DIR)/StoreViewer.app/StoreViewer";
				FRAMEWORK_SEARCH_PATHS = (
					"$(SDKROOT)/Developer/Library/Frameworks",
					"$(inherited)",
					"$(DEVELOPER_FRAMEWORKS_DIR)",
				);
				GCC_PRECOMPILE_PREFIX_HEADER = YES;
				GCC_PREFIX_HEADER = "StoreViewer/StoreViewer-Prefix.pch";
				INFOPLIST_FILE = "StoreViewerTests/StoreViewerTests-Info.plist";
				PRODUCT_NAME = "$(TARGET_NAME)";
				TEST_HOST = "$(BUNDLE_LOADER)";
				WRAPPER_EXTENSION = xctest;
			};
			name = Release;
		};
/* End XCBuildConfiguration section */

/* Begin XCConfigurationList section */
		844D7B6219F7989E000AD7A3 /* Build configuration list for PBXProject "StoreViewer" */ = {
			isa = XCConfigurationList;
			buildConfigurations = (
				844D7B9A19F7989E000AD7A3 /* Debug */,
				844D7B9B19F7989E000AD7A3 /* Release */,
			);
			defaultConfigurationIsVisible = 0;
			defaultConfigurationName = Release;
		};
		844D7B9C19F7989E000AD7A3 /* Build configuration list for PBXNativeTarget "StoreViewer" */ = {
			isa = XCConfigurationList;
			buildConfigurations = (
				844D7B9D19F7989E000AD7A3 /* Debug */,
				844D7B9E19F7989E000AD7A3 /* Release */,
			);
			defaultConfigurationIsVisible = 0;
			defaultConfigurationName = Release;
		};
		844D7B9F19F7989E000AD7A3 /* Build configuration list for PBXNativeTarget "StoreViewerTests" */ = {
			isa = XCConfigurationList;
			buildConfigurations = (
				844D7BA019F7989E000AD7A3 /* Debug */,
				844D7BA119F7989E000AD7A3 /* Release */,
			);
			defaultConfigurationIsVisible = 0;
			defaultConfigurationName = Release;
		};
/* End XCConfigurationList section */

/* Begin XCVersionGroup section */
		EF8B4A2C1A00D53400943933 /* StoreViewerModel.xcdatamodeld */ = {
			isa = XCVersionGroup;
			children = (
				EF8B4A2D1A00D53400943933 /* StoreViewerModel.xcdatamodel */,
			);
			currentVersion = EF8B4A2D1A00D53400943933 /* StoreViewerModel.xcdatamodel */;
			name = StoreViewerModel.xcdatamodeld;
			path = Model/StoreViewerModel.xcdatamodeld;
			sourceTree = "<group>";
			versionGroupType = wrapper.xcdatamodel;
		};
/* End XCVersionGroup section */
	};
	rootObject = 844D7B5F19F7989E000AD7A3 /* Project object */;
}
